
Microsoft Visual Studio Solution File, Format Version 9.00
# Visual Studio 2005
Project("{8BC9CEB8-8B4A-11D0-8D11-00A0C91BC942}") = "gongcheng", "gongcheng.vcproj", "{D007F509-262F-470B-B378-AAC7154CD26F}"
EndProject
Global
	GlobalSection(SolutionConfigurationPlatforms) = preSolution
		Debug|Win32 = Debug|Win32
		Release|Win32 = Release|Win32
	EndGlobalSection
	GlobalSection(ProjectConfigurationPlatforms) = postSolution
		{D007F509-262F-470B-B378-AAC7154CD26F}.Debug|Win32.ActiveCfg = Debug|Win32
		{D007F509-262F-470B-B378-AAC7154CD26F}.Debug|Win32.Build.0 = Debug|Win32
		{D007F509-262F-470B-B378-AAC7154CD26F}.Release|Win32.ActiveCfg = Release|Win32
		{D007F509-262F-470B-B378-AAC7154CD26F}.Release|Win32.Build.0 = Release|Win32
	EndGlobalSection
	GlobalSection(SolutionProperties) = preSolution
		HideSolutionNode = FALSE
	EndGlobalSection
EndGlobal
